
Microsoft Visual Studio Solution File, Format Version 12.00
# Visual Studio 15
VisualStudioVersion = 15.0.27004.2005
MinimumVisualStudioVersion = 10.0.40219.1
Project("{9A19103F-16F7-4668-BE54-9A1E7A4F7556}") = "PeterKottas.DotNetCore.WindowsService", "..\Source\PeterKottas.DotNetCore.WindowsService\PeterKottas.DotNetCore.WindowsService.csproj", "{19F85232-0FED-439E-90BF-BDCD6567F2B3}"
EndProject
Project("{9A19103F-16F7-4668-BE54-9A1E7A4F7556}") = "PeterKottas.DotNetCore.WindowsService.Example", "..\Source\PeterKottas.DotNetCore.WindowsService.Example\PeterKottas.DotNetCore.WindowsService.Example.csproj", "{63C67004-73D7-4D49-8A3F-3CBC6554BB46}"
EndProject
Project("{9A19103F-16F7-4668-BE54-9A1E7A4F7556}") = "PeterKottas.DotNetCore.WindowsService.MinimalTemplate", "..\Source\Templates\PeterKottas.DotNetCore.WindowsService.MinimalTemplate\PeterKottas.DotNetCore.WindowsService.MinimalTemplate.csproj", "{D5FE4BD5-85F0-42D8-89D7-C8AF272278F3}"
EndProject
Project("{2150E333-8FDC-42A3-9474-1A3956D46DE8}") = "Solution Items", "Solution Items", "{7DFFD5B6-AE3F-478B-9893-5010AEA29096}"
	ProjectSection(SolutionItems) = preProject
		..\.editorconfig = ..\.editorconfig
	EndProjectSection
EndProject
Project("{9A19103F-16F7-4668-BE54-9A1E7A4F7556}") = "PeterKottas.DotNetCore.WindowsService.StandardTemplate", "..\Source\Templates\PeterKottas.DotNetCore.WindowsService.StandardTemplate\PeterKottas.DotNetCore.WindowsService.StandardTemplate.csproj", "{6B26C0CE-CB7C-49FA-92F6-4B13D3881E51}"
EndProject
Global
	GlobalSection(SolutionConfigurationPlatforms) = preSolution
		Debug|Any CPU = Debug|Any CPU
		Release|Any CPU = Release|Any CPU
	EndGlobalSection
	GlobalSection(ProjectConfigurationPlatforms) = postSolution
		{19F85232-0FED-439E-90BF-BDCD6567F2B3}.Debug|Any CPU.ActiveCfg = Debug|Any CPU
		{19F85232-0FED-439E-90BF-BDCD6567F2B3}.Debug|Any CPU.Build.0 = Debug|Any CPU
		{19F85232-0FED-439E-90BF-BDCD6567F2B3}.Release|Any CPU.ActiveCfg = Release|Any CPU
		{19F85232-0FED-439E-90BF-BDCD6567F2B3}.Release|Any CPU.Build.0 = Release|Any CPU
		{63C67004-73D7-4D49-8A3F-3CBC6554BB46}.Debug|Any CPU.ActiveCfg = Debug|Any CPU
		{63C67004-73D7-4D49-8A3F-3CBC6554BB46}.Debug|Any CPU.Build.0 = Debug|Any CPU
		{63C67004-73D7-4D49-8A3F-3CBC6554BB46}.Release|Any CPU.ActiveCfg = Release|Any CPU
		{63C67004-73D7-4D49-8A3F-3CBC6554BB46}.Release|Any CPU.Build.0 = Release|Any CPU
		{D5FE4BD5-85F0-42D8-89D7-C8AF272278F3}.Debug|Any CPU.ActiveCfg = Debug|Any CPU
		{D5FE4BD5-85F0-42D8-89D7-C8AF272278F3}.Debug|Any CPU.Build.0 = Debug|Any CPU
		{D5FE4BD5-85F0-42D8-89D7-C8AF272278F3}.Release|Any CPU.ActiveCfg = Release|Any CPU
		{D5FE4BD5-85F0-42D8-89D7-C8AF272278F3}.Release|Any CPU.Build.0 = Release|Any CPU
		{6B26C0CE-CB7C-49FA-92F6-4B13D3881E51}.Debug|Any CPU.ActiveCfg = Debug|Any CPU
		{6B26C0CE-CB7C-49FA-92F6-4B13D3881E51}.Debug|Any CPU.Build.0 = Debug|Any CPU
		{6B26C0CE-CB7C-49FA-92F6-4B13D3881E51}.Release|Any CPU.ActiveCfg = Release|Any CPU
		{6B26C0CE-CB7C-49FA-92F6-4B13D3881E51}.Release|Any CPU.Build.0 = Release|Any CPU
	EndGlobalSection
	GlobalSection(SolutionProperties) = preSolution
		HideSolutionNode = FALSE
	EndGlobalSection
	GlobalSection(ExtensibilityGlobals) = postSolution
		SolutionGuid = {6DD17605-730C-4A8D-8875-05FD5096DAEF}
	EndGlobalSection
EndGlobal
