
Microsoft Visual Studio Solution File, Format Version 12.00
# Visual Studio 15
VisualStudioVersion = 15.0.26228.9
MinimumVisualStudioVersion = 10.0.40219.1
Project("{2150E333-8FDC-42A3-9474-1A3956D46DE8}") = "Solution items", "Solution items", "{8D5372CB-67BA-415A-B9B0-6C3771A6907E}"
	ProjectSection(SolutionItems) = preProject
		..\global.json = ..\global.json
	EndProjectSection
EndProject
Project("{9A19103F-16F7-4668-BE54-9A1E7A4F7556}") = "PeterKottas.DotNetCore.WindowsService", "..\Source\PeterKottas.DotNetCore.WindowsService\PeterKottas.DotNetCore.WindowsService.csproj", "{19F85232-0FED-439E-90BF-BDCD6567F2B3}"
EndProject
Project("{9A19103F-16F7-4668-BE54-9A1E7A4F7556}") = "PeterKottas.DotNetCore.Example", "..\Source\PeterKottas.DotNetCore.Example\PeterKottas.DotNetCore.Example.csproj", "{3F56FC81-7EE5-45E8-864D-5865E3B05D4A}"
EndProject
Global
	GlobalSection(SolutionConfigurationPlatforms) = preSolution
		Debug|Any CPU = Debug|Any CPU
		Release|Any CPU = Release|Any CPU
	EndGlobalSection
	GlobalSection(ProjectConfigurationPlatforms) = postSolution
		{19F85232-0FED-439E-90BF-BDCD6567F2B3}.Debug|Any CPU.ActiveCfg = Debug|Any CPU
		{19F85232-0FED-439E-90BF-BDCD6567F2B3}.Debug|Any CPU.Build.0 = Debug|Any CPU
		{19F85232-0FED-439E-90BF-BDCD6567F2B3}.Release|Any CPU.ActiveCfg = Release|Any CPU
		{19F85232-0FED-439E-90BF-BDCD6567F2B3}.Release|Any CPU.Build.0 = Release|Any CPU
		{3F56FC81-7EE5-45E8-864D-5865E3B05D4A}.Debug|Any CPU.ActiveCfg = Debug|Any CPU
		{3F56FC81-7EE5-45E8-864D-5865E3B05D4A}.Debug|Any CPU.Build.0 = Debug|Any CPU
		{3F56FC81-7EE5-45E8-864D-5865E3B05D4A}.Release|Any CPU.ActiveCfg = Release|Any CPU
		{3F56FC81-7EE5-45E8-864D-5865E3B05D4A}.Release|Any CPU.Build.0 = Release|Any CPU
	EndGlobalSection
	GlobalSection(SolutionProperties) = preSolution
		HideSolutionNode = FALSE
	EndGlobalSection
EndGlobal
